# This file is automatically @generated by Poetry 1.7.1 and should not be changed by hand.

[[package]]
name = "click"
version = "8.1.7"
description = "Composable command line interface toolkit"
optional = false
python-versions = ">=3.7"
files = [
    {file = "click-8.1.7-py3-none-any.whl", hash = "sha256:ae74fb96c20a0277a1d615f1e4d73c8414f5a98db8b799a7931d1582f3390c28"},
    {file = "click-8.1.7.tar.gz", hash = "sha256:ca9853ad459e787e2192211578cc907e7594e294c7ccc834310722b41b9ca6de"},
]

[package.dependencies]
colorama = {version = "*", markers = "platform_system == \"Windows\""}

[[package]]
name = "colorama"
version = "0.4.6"
description = "Cross-platform colored terminal text."
optional = false
python-versions = "!=3.0.*,!=3.1.*,!=3.2.*,!=3.3.*,!=3.4.*,!=3.5.*,!=3.6.*,>=2.7"
files = [
    {file = "colorama-0.4.6-py2.py3-none-any.whl", hash = "sha256:4f1d9991f5acc0ca119f9d443620b77f9d6b33703e51011c16baf57afb285fc6"},
    {file = "colorama-0.4.6.tar.gz", hash = "sha256:08695f5cb7ed6e0531a20572697297273c47b8cae5a63ffc6d6ed5c201be6e44"},
]

[[package]]
name = "pdbp"
version = "1.5.0"
description = "pdbp (Pdb+): A drop-in replacement for pdb and pdbpp."
optional = false
python-versions = ">=3.7"
files = [
    {file = "pdbp-1.5.0-py3-none-any.whl", hash = "sha256:7640598c336ec3e3e0b2aeec71d20a1e810ba49e3e1b3effac5b862a798dea7d"},
    {file = "pdbp-1.5.0.tar.gz", hash = "sha256:23e03897fe950794a487238b64d8b0cec66760083c4697e3b7bc5ca0fae617ea"},
]

[package.dependencies]
colorama = {version = ">=0.4.6", markers = "platform_system == \"Windows\""}
pygments = ">=2.16.1"
tabcompleter = ">=1.3.0"

[[package]]
name = "pdbplus"
version = "1.5.0"
description = "pdbp (Pdb+): A drop-in replacement for pdb and pdbpp."
optional = false
python-versions = ">=3.7"
files = [
    {file = "pdbplus-1.5.0-py3-none-any.whl", hash = "sha256:723e5c96f5feee1ffc76fe9c95c0aae4246ee8a487ad8f843b55bffba2d894cc"},
    {file = "pdbplus-1.5.0.tar.gz", hash = "sha256:b4315f43fa4feb5cc43d46c2508046c351becc929d256500e76864343c84dd69"},
]

[package.dependencies]
pdbp = ">=1.5.0"

[[package]]
name = "pygments"
version = "2.17.2"
description = "Pygments is a syntax highlighting package written in Python."
optional = false
python-versions = ">=3.7"
files = [
    {file = "pygments-2.17.2-py3-none-any.whl", hash = "sha256:b27c2826c47d0f3219f29554824c30c5e8945175d888647acd804ddd04af846c"},
    {file = "pygments-2.17.2.tar.gz", hash = "sha256:da46cec9fd2de5be3a8a784f434e4c4ab670b4ff54d605c4c2717e9d49c4c367"},
]

[package.extras]
plugins = ["importlib-metadata"]
windows-terminal = ["colorama (>=0.4.6)"]

[[package]]
name = "pyreadline3"
version = "3.4.1"
description = "A python implementation of GNU readline."
optional = false
python-versions = "*"
files = [
    {file = "pyreadline3-3.4.1-py3-none-any.whl", hash = "sha256:b0efb6516fd4fb07b45949053826a62fa4cb353db5be2bbb4a7aa1fdd1e345fb"},
    {file = "pyreadline3-3.4.1.tar.gz", hash = "sha256:6f3d1f7b8a31ba32b73917cefc1f28cc660562f39aea8646d30bd6eff21f7bae"},
]

[[package]]
name = "tabcompleter"
version = "1.3.0"
description = "tabcompleter --- Autocompletion in the Python console."
optional = false
python-versions = ">=3.7"
files = [
    {file = "tabcompleter-1.3.0-py3-none-any.whl", hash = "sha256:59dfe825f4d88a51d486c0a513763eca6224f2146518d185ee2ebfc4f2398b80"},
    {file = "tabcompleter-1.3.0.tar.gz", hash = "sha256:47b9d4f783d14ebca5c66223c7f82cc1ef89f7313ba9ea0ce75265670178bb6e"},
]

[package.dependencies]
pyreadline3 = {version = "*", markers = "platform_system == \"Windows\""}

[metadata]
lock-version = "2.0"
python-versions = ">=3.11"
content-hash = "9254386a6ec30907ee026cad14e76e2ed16a7f3249c0cd21cc5d16a75c5948a8"
